
Microsoft Visual Studio Solution File, Format Version 12.00
# Visual Studio Version 17
VisualStudioVersion = 17.10.35027.167
MinimumVisualStudioVersion = 10.0.40219.1
Project("{9A19103F-16F7-4668-BE54-9A1E7A4F7556}") = "amateur-soccer-usa", "amateur-soccer-usa\amateur-soccer-usa.csproj", "{C7ED1220-8B15-4EC7-9B07-D7EB5D2D15B2}"
EndProject
Project("{FAE04EC0-301F-11D3-BF4B-00C04F79EFBC}") = "Entities", "Entities\Entities.csproj", "{7A2B9196-130D-4374-AB40-CA7062A7063B}"
EndProject
Project("{FAE04EC0-301F-11D3-BF4B-00C04F79EFBC}") = "Repository", "Repository\Repository.csproj", "{0240D704-836B-4FE2-9905-E711032EC0F0}"
EndProject
Global
	GlobalSection(SolutionConfigurationPlatforms) = preSolution
		Debug|Any CPU = Debug|Any CPU
		Release|Any CPU = Release|Any CPU
	EndGlobalSection
	GlobalSection(ProjectConfigurationPlatforms) = postSolution
		{C7ED1220-8B15-4EC7-9B07-D7EB5D2D15B2}.Debug|Any CPU.ActiveCfg = Debug|Any CPU
		{C7ED1220-8B15-4EC7-9B07-D7EB5D2D15B2}.Debug|Any CPU.Build.0 = Debug|Any CPU
		{C7ED1220-8B15-4EC7-9B07-D7EB5D2D15B2}.Release|Any CPU.ActiveCfg = Release|Any CPU
		{C7ED1220-8B15-4EC7-9B07-D7EB5D2D15B2}.Release|Any CPU.Build.0 = Release|Any CPU
		{7A2B9196-130D-4374-AB40-CA7062A7063B}.Debug|Any CPU.ActiveCfg = Debug|Any CPU
		{7A2B9196-130D-4374-AB40-CA7062A7063B}.Debug|Any CPU.Build.0 = Debug|Any CPU
		{7A2B9196-130D-4374-AB40-CA7062A7063B}.Release|Any CPU.ActiveCfg = Release|Any CPU
		{7A2B9196-130D-4374-AB40-CA7062A7063B}.Release|Any CPU.Build.0 = Release|Any CPU
		{0240D704-836B-4FE2-9905-E711032EC0F0}.Debug|Any CPU.ActiveCfg = Debug|Any CPU
		{0240D704-836B-4FE2-9905-E711032EC0F0}.Debug|Any CPU.Build.0 = Debug|Any CPU
		{0240D704-836B-4FE2-9905-E711032EC0F0}.Release|Any CPU.ActiveCfg = Release|Any CPU
		{0240D704-836B-4FE2-9905-E711032EC0F0}.Release|Any CPU.Build.0 = Release|Any CPU
	EndGlobalSection
	GlobalSection(SolutionProperties) = preSolution
		HideSolutionNode = FALSE
	EndGlobalSection
	GlobalSection(ExtensibilityGlobals) = postSolution
		SolutionGuid = {6F781766-7C18-496D-9162-A7CDAF59CE79}
	EndGlobalSection
EndGlobal
